// !$*UTF8*$!
{
	archiveVersion = 1;
	classes = {
	};
	objectVersion = 46;
	objects = {

/* Begin PBXBuildFile section */
		4987B17E168E40F000A8359B /* UIKit.framework in Frameworks */ = {isa = PBXBuildFile; fileRef = 4987B17D168E40F000A8359B /* UIKit.framework */; };
		4987B180168E40F000A8359B /* Foundation.framework in Frameworks */ = {isa = PBXBuildFile; fileRef = 4987B17F168E40F000A8359B /* Foundation.framework */; };
		4987B182168E40F000A8359B /* CoreGraphics.framework in Frameworks */ = {isa = PBXBuildFile; fileRef = 4987B181168E40F000A8359B /* CoreGraphics.framework */; };
		4987B188168E40F000A8359B /* InfoPlist.strings in Resources */ = {isa = PBXBuildFile; fileRef = 4987B186168E40F000A8359B /* InfoPlist.strings */; };
		4987B18A168E40F000A8359B /* main.m in Sources */ = {isa = PBXBuildFile; fileRef = 4987B189168E40F000A8359B /* main.m */; };
		4987B18E168E40F000A8359B /* WhereamiAppDelegate.m in Sources */ = {isa = PBXBuildFile; fileRef = 4987B18D168E40F000A8359B /* WhereamiAppDelegate.m */; };
		4987B190168E40F000A8359B /* Default.png in Resources */ = {isa = PBXBuildFile; fileRef = 4987B18F168E40F000A8359B /* Default.png */; };
		4987B192168E40F000A8359B /* Default@2x.png in Resources */ = {isa = PBXBuildFile; fileRef = 4987B191168E40F000A8359B /* Default@2x.png */; };
		4987B194168E40F000A8359B /* Default-568h@2x.png in Resources */ = {isa = PBXBuildFile; fileRef = 4987B193168E40F000A8359B /* Default-568h@2x.png */; };
		4987B197168E40F000A8359B /* WhereamiViewController.m in Sources */ = {isa = PBXBuildFile; fileRef = 4987B196168E40F000A8359B /* WhereamiViewController.m */; };
		4987B19A168E40F000A8359B /* WhereamiViewController.xib in Resources */ = {isa = PBXBuildFile; fileRef = 4987B198168E40F000A8359B /* WhereamiViewController.xib */; };
		4987B1A2168E42E400A8359B /* CoreLocation.framework in Frameworks */ = {isa = PBXBuildFile; fileRef = 4987B1A0168E421E00A8359B /* CoreLocation.framework */; };
		4987B1B0168FE12B00A8359B /* MapKit.framework in Frameworks */ = {isa = PBXBuildFile; fileRef = 4987B1AF168FE12B00A8359B /* MapKit.framework */; };
		4987B1B4168FE6EE00A8359B /* BNRMapPoint.m in Sources */ = {isa = PBXBuildFile; fileRef = 4987B1B3168FE6EE00A8359B /* BNRMapPoint.m */; };
/* End PBXBuildFile section */

/* Begin PBXFileReference section */
		4987B179168E40F000A8359B /* Whereami.app */ = {isa = PBXFileReference; explicitFileType = wrapper.application; includeInIndex = 0; path = Whereami.app; sourceTree = BUILT_PRODUCTS_DIR; };
		4987B17D168E40F000A8359B /* UIKit.framework */ = {isa = PBXFileReference; lastKnownFileType = wrapper.framework; name = UIKit.framework; path = System/Library/Frameworks/UIKit.framework; sourceTree = SDKROOT; };
		4987B17F168E40F000A8359B /* Foundation.framework */ = {isa = PBXFileReference; lastKnownFileType = wrapper.framework; name = Foundation.framework; path = System/Library/Frameworks/Foundation.framework; sourceTree = SDKROOT; };
		4987B181168E40F000A8359B /* CoreGraphics.framework */ = {isa = PBXFileReference; lastKnownFileType = wrapper.framework; name = CoreGraphics.framework; path = System/Library/Frameworks/CoreGraphics.framework; sourceTree = SDKROOT; };
		4987B185168E40F000A8359B /* Whereami-Info.plist */ = {isa = PBXFileReference; lastKnownFileType = text.plist.xml; path = "Whereami-Info.plist"; sourceTree = "<group>"; };
		4987B187168E40F000A8359B /* en */ = {isa = PBXFileReference; lastKnownFileType = text.plist.strings; name = en; path = en.lproj/InfoPlist.strings; sourceTree = "<group>"; };
		4987B189168E40F000A8359B /* main.m */ = {isa = PBXFileReference; lastKnownFileType = sourcecode.c.objc; path = main.m; sourceTree = "<group>"; };
		4987B18B168E40F000A8359B /* Whereami-Prefix.pch */ = {isa = PBXFileReference; lastKnownFileType = sourcecode.c.h; path = "Whereami-Prefix.pch"; sourceTree = "<group>"; };
		4987B18C168E40F000A8359B /* WhereamiAppDelegate.h */ = {isa = PBXFileReference; lastKnownFileType = sourcecode.c.h; path = WhereamiAppDelegate.h; sourceTree = "<group>"; };
		4987B18D168E40F000A8359B /* WhereamiAppDelegate.m */ = {isa = PBXFileReference; lastKnownFileType = sourcecode.c.objc; path = WhereamiAppDelegate.m; sourceTree = "<group>"; };
		4987B18F168E40F000A8359B /* Default.png */ = {isa = PBXFileReference; lastKnownFileType = image.png; path = Default.png; sourceTree = "<group>"; };
		4987B191168E40F000A8359B /* Default@2x.png */ = {isa = PBXFileReference; lastKnownFileType = image.png; path = "Default@2x.png"; sourceTree = "<group>"; };
		4987B193168E40F000A8359B /* Default-568h@2x.png */ = {isa = PBXFileReference; lastKnownFileType = image.png; path = "Default-568h@2x.png"; sourceTree = "<group>"; };
		4987B195168E40F000A8359B /* WhereamiViewController.h */ = {isa = PBXFileReference; lastKnownFileType = sourcecode.c.h; path = WhereamiViewController.h; sourceTree = "<group>"; };
		4987B196168E40F000A8359B /* WhereamiViewController.m */ = {isa = PBXFileReference; lastKnownFileType = sourcecode.c.objc; path = WhereamiViewController.m; sourceTree = "<group>"; };
		4987B199168E40F000A8359B /* en */ = {isa = PBXFileReference; lastKnownFileType = file.xib; name = en; path = en.lproj/WhereamiViewController.xib; sourceTree = "<group>"; };
		4987B1A0168E421E00A8359B /* CoreLocation.framework */ = {isa = PBXFileReference; lastKnownFileType = wrapper.framework; name = CoreLocation.framework; path = System/Library/Frameworks/CoreLocation.framework; sourceTree = SDKROOT; };
		4987B1AF168FE12B00A8359B /* MapKit.framework */ = {isa = PBXFileReference; lastKnownFileType = wrapper.framework; name = MapKit.framework; path = System/Library/Frameworks/MapKit.framework; sourceTree = SDKROOT; };
		4987B1B2168FE6EE00A8359B /* BNRMapPoint.h */ = {isa = PBXFileReference; fileEncoding = 4; lastKnownFileType = sourcecode.c.h; path = BNRMapPoint.h; sourceTree = "<group>"; };
		4987B1B3168FE6EE00A8359B /* BNRMapPoint.m */ = {isa = PBXFileReference; fileEncoding = 4; lastKnownFileType = sourcecode.c.objc; path = BNRMapPoint.m; sourceTree = "<group>"; };
/* End PBXFileReference section */

/* Begin PBXFrameworksBuildPhase section */
		4987B176168E40F000A8359B /* Frameworks */ = {
			isa = PBXFrameworksBuildPhase;
			buildActionMask = 2147483647;
			files = (
				4987B1B0168FE12B00A8359B /* MapKit.framework in Frameworks */,
				4987B1A2168E42E400A8359B /* CoreLocation.framework in Frameworks */,
				4987B17E168E40F000A8359B /* UIKit.framework in Frameworks */,
				4987B180168E40F000A8359B /* Foundation.framework in Frameworks */,
				4987B182168E40F000A8359B /* CoreGraphics.framework in Frameworks */,
			);
			runOnlyForDeploymentPostprocessing = 0;
		};
/* End PBXFrameworksBuildPhase section */

/* Begin PBXGroup section */
		4987B16E168E40F000A8359B = {
			isa = PBXGroup;
			children = (
				4987B1AF168FE12B00A8359B /* MapKit.framework */,
				4987B1A0168E421E00A8359B /* CoreLocation.framework */,
				4987B183168E40F000A8359B /* Whereami */,
				4987B17C168E40F000A8359B /* Frameworks */,
				4987B17A168E40F000A8359B /* Products */,
			);
			sourceTree = "<group>";
		};
		4987B17A168E40F000A8359B /* Products */ = {
			isa = PBXGroup;
			children = (
				4987B179168E40F000A8359B /* Whereami.app */,
			);
			name = Products;
			sourceTree = "<group>";
		};
		4987B17C168E40F000A8359B /* Frameworks */ = {
			isa = PBXGroup;
			children = (
				4987B17D168E40F000A8359B /* UIKit.framework */,
				4987B17F168E40F000A8359B /* Foundation.framework */,
				4987B181168E40F000A8359B /* CoreGraphics.framework */,
			);
			name = Frameworks;
			sourceTree = "<group>";
		};
		4987B183168E40F000A8359B /* Whereami */ = {
			isa = PBXGroup;
			children = (
				4987B18C168E40F000A8359B /* WhereamiAppDelegate.h */,
				4987B18D168E40F000A8359B /* WhereamiAppDelegate.m */,
				4987B1B2168FE6EE00A8359B /* BNRMapPoint.h */,
				4987B1B3168FE6EE00A8359B /* BNRMapPoint.m */,
				4987B195168E40F000A8359B /* WhereamiViewController.h */,
				4987B196168E40F000A8359B /* WhereamiViewController.m */,
				4987B198168E40F000A8359B /* WhereamiViewController.xib */,
				4987B184168E40F000A8359B /* Supporting Files */,
			);
			path = Whereami;
			sourceTree = "<group>";
		};
		4987B184168E40F000A8359B /* Supporting Files */ = {
			isa = PBXGroup;
			children = (
				4987B185168E40F000A8359B /* Whereami-Info.plist */,
				4987B186168E40F000A8359B /* InfoPlist.strings */,
				4987B189168E40F000A8359B /* main.m */,
				4987B18B168E40F000A8359B /* Whereami-Prefix.pch */,
				4987B18F168E40F000A8359B /* Default.png */,
				4987B191168E40F000A8359B /* Default@2x.png */,
				4987B193168E40F000A8359B /* Default-568h@2x.png */,
			);
			name = "Supporting Files";
			sourceTree = "<group>";
		};
/* End PBXGroup section */

/* Begin PBXNativeTarget section */
		4987B178168E40F000A8359B /* Whereami */ = {
			isa = PBXNativeTarget;
			buildConfigurationList = 4987B19D168E40F000A8359B /* Build configuration list for PBXNativeTarget "Whereami" */;
			buildPhases = (
				4987B175168E40F000A8359B /* Sources */,
				4987B176168E40F000A8359B /* Frameworks */,
				4987B177168E40F000A8359B /* Resources */,
			);
			buildRules = (
			);
			dependencies = (
			);
			name = Whereami;
			productName = Whereami;
			productReference = 4987B179168E40F000A8359B /* Whereami.app */;
			productType = "com.apple.product-type.application";
		};
/* End PBXNativeTarget section */

/* Begin PBXProject section */
		4987B170168E40F000A8359B /* Project object */ = {
			isa = PBXProject;
			attributes = {
				CLASSPREFIX = Whereami;
				LastUpgradeCheck = 0450;
				ORGANIZATIONNAME = "Andrew Long";
			};
			buildConfigurationList = 4987B173168E40F000A8359B /* Build configuration list for PBXProject "Whereami" */;
			compatibilityVersion = "Xcode 3.2";
			developmentRegion = English;
			hasScannedForEncodings = 0;
			knownRegions = (
				en,
			);
			mainGroup = 4987B16E168E40F000A8359B;
			productRefGroup = 4987B17A168E40F000A8359B /* Products */;
			projectDirPath = "";
			projectRoot = "";
			targets = (
				4987B178168E40F000A8359B /* Whereami */,
			);
		};
/* End PBXProject section */

/* Begin PBXResourcesBuildPhase section */
		4987B177168E40F000A8359B /* Resources */ = {
			isa = PBXResourcesBuildPhase;
			buildActionMask = 2147483647;
			files = (
				4987B188168E40F000A8359B /* InfoPlist.strings in Resources */,
				4987B190168E40F000A8359B /* Default.png in Resources */,
				4987B192168E40F000A8359B /* Default@2x.png in Resources */,
				4987B194168E40F000A8359B /* Default-568h@2x.png in Resources */,
				4987B19A168E40F000A8359B /* WhereamiViewController.xib in Resources */,
			);
			runOnlyForDeploymentPostprocessing = 0;
		};
/* End PBXResourcesBuildPhase section */

/* Begin PBXSourcesBuildPhase section */
		4987B175168E40F000A8359B /* Sources */ = {
			isa = PBXSourcesBuildPhase;
			buildActionMask = 2147483647;
			files = (
				4987B18A168E40F000A8359B /* main.m in Sources */,
				4987B18E168E40F000A8359B /* WhereamiAppDelegate.m in Sources */,
				4987B197168E40F000A8359B /* WhereamiViewController.m in Sources */,
				4987B1B4168FE6EE00A8359B /* BNRMapPoint.m in Sources */,
			);
			runOnlyForDeploymentPostprocessing = 0;
		};
/* End PBXSourcesBuildPhase section */

/* Begin PBXVariantGroup section */
		4987B186168E40F000A8359B /* InfoPlist.strings */ = {
			isa = PBXVariantGroup;
			children = (
				4987B187168E40F000A8359B /* en */,
			);
			name = InfoPlist.strings;
			sourceTree = "<group>";
		};
		4987B198168E40F000A8359B /* WhereamiViewController.xib */ = {
			isa = PBXVariantGroup;
			children = (
				4987B199168E40F000A8359B /* en */,
			);
			name = WhereamiViewController.xib;
			sourceTree = "<group>";
		};
/* End PBXVariantGroup section */

/* Begin XCBuildConfiguration section */
		4987B19B168E40F000A8359B /* Debug */ = {
			isa = XCBuildConfiguration;
			buildSettings = {
				ALWAYS_SEARCH_USER_PATHS = NO;
				CLANG_CXX_LANGUAGE_STANDARD = "gnu++0x";
				CLANG_CXX_LIBRARY = "libc++";
				CLANG_ENABLE_OBJC_ARC = YES;
				CLANG_WARN_EMPTY_BODY = YES;
				CLANG_WARN__DUPLICATE_METHOD_MATCH = YES;
				"CODE_SIGN_IDENTITY[sdk=iphoneos*]" = "iPhone Developer";
				COPY_PHASE_STRIP = NO;
				GCC_C_LANGUAGE_STANDARD = gnu99;
				GCC_DYNAMIC_NO_PIC = NO;
				GCC_OPTIMIZATION_LEVEL = 0;
				GCC_PREPROCESSOR_DEFINITIONS = (
					"DEBUG=1",
					"$(inherited)",
				);
				GCC_SYMBOLS_PRIVATE_EXTERN = NO;
				GCC_WARN_ABOUT_RETURN_TYPE = YES;
				GCC_WARN_UNINITIALIZED_AUTOS = YES;
				GCC_WARN_UNUSED_VARIABLE = YES;
				IPHONEOS_DEPLOYMENT_TARGET = 6.0;
				ONLY_ACTIVE_ARCH = YES;
				SDKROOT = iphoneos;
			};
			name = Debug;
		};
		4987B19C168E40F000A8359B /* Release */ = {
			isa = XCBuildConfiguration;
			buildSettings = {
				ALWAYS_SEARCH_USER_PATHS = NO;
				CLANG_CXX_LANGUAGE_STANDARD = "gnu++0x";
				CLANG_CXX_LIBRARY = "libc++";
				CLANG_ENABLE_OBJC_ARC = YES;
				CLANG_WARN_EMPTY_BODY = YES;
				CLANG_WARN__DUPLICATE_METHOD_MATCH = YES;
				"CODE_SIGN_IDENTITY[sdk=iphoneos*]" = "iPhone Developer";
				COPY_PHASE_STRIP = YES;
				GCC_C_LANGUAGE_STANDARD = gnu99;
				GCC_WARN_ABOUT_RETURN_TYPE = YES;
				GCC_WARN_UNINITIALIZED_AUTOS = YES;
				GCC_WARN_UNUSED_VARIABLE = YES;
				IPHONEOS_DEPLOYMENT_TARGET = 6.0;
				OTHER_CFLAGS = "-DNS_BLOCK_ASSERTIONS=1";
				SDKROOT = iphoneos;
				VALIDATE_PRODUCT = YES;
			};
			name = Release;
		};
		4987B19E168E40F000A8359B /* Debug */ = {
			isa = XCBuildConfiguration;
			buildSettings = {
				GCC_PRECOMPILE_PREFIX_HEADER = YES;
				GCC_PREFIX_HEADER = "Whereami/Whereami-Prefix.pch";
				INFOPLIST_FILE = "Whereami/Whereami-Info.plist";
				PRODUCT_NAME = "$(TARGET_NAME)";
				WRAPPER_EXTENSION = app;
			};
			name = Debug;
		};
		4987B19F168E40F000A8359B /* Release */ = {
			isa = XCBuildConfiguration;
			buildSettings = {
				GCC_PRECOMPILE_PREFIX_HEADER = YES;
				GCC_PREFIX_HEADER = "Whereami/Whereami-Prefix.pch";
				INFOPLIST_FILE = "Whereami/Whereami-Info.plist";
				PRODUCT_NAME = "$(TARGET_NAME)";
				WRAPPER_EXTENSION = app;
			};
			name = Release;
		};
/* End XCBuildConfiguration section */

/* Begin XCConfigurationList section */
		4987B173168E40F000A8359B /* Build configuration list for PBXProject "Whereami" */ = {
			isa = XCConfigurationList;
			buildConfigurations = (
				4987B19B168E40F000A8359B /* Debug */,
				4987B19C168E40F000A8359B /* Release */,
			);
			defaultConfigurationIsVisible = 0;
			defaultConfigurationName = Release;
		};
		4987B19D168E40F000A8359B /* Build configuration list for PBXNativeTarget "Whereami" */ = {
			isa = XCConfigurationList;
			buildConfigurations = (
				4987B19E168E40F000A8359B /* Debug */,
				4987B19F168E40F000A8359B /* Release */,
			);
			defaultConfigurationIsVisible = 0;
			defaultConfigurationName = Release;
		};
/* End XCConfigurationList section */
	};
	rootObject = 4987B170168E40F000A8359B /* Project object */;
}
